
Microsoft Visual Studio Solution File, Format Version 12.00
# Visual Studio Version 17
VisualStudioVersion = 17.5.002.0
MinimumVisualStudioVersion = 10.0.40219.1
Project("{9A19103F-16F7-4668-BE54-9A1E7A4F7556}") = "Exercicio3", "Exercicio3.csproj", "{199993CD-04B6-4F43-9D75-409E11645BCB}"
EndProject
Global
	GlobalSection(SolutionConfigurationPlatforms) = preSolution
		Debug|Any CPU = Debug|Any CPU
		Release|Any CPU = Release|Any CPU
	EndGlobalSection
	GlobalSection(ProjectConfigurationPlatforms) = postSolution
		{199993CD-04B6-4F43-9D75-409E11645BCB}.Debug|Any CPU.ActiveCfg = Debug|Any CPU
		{199993CD-04B6-4F43-9D75-409E11645BCB}.Debug|Any CPU.Build.0 = Debug|Any CPU
		{199993CD-04B6-4F43-9D75-409E11645BCB}.Release|Any CPU.ActiveCfg = Release|Any CPU
		{199993CD-04B6-4F43-9D75-409E11645BCB}.Release|Any CPU.Build.0 = Release|Any CPU
	EndGlobalSection
	GlobalSection(SolutionProperties) = preSolution
		HideSolutionNode = FALSE
	EndGlobalSection
	GlobalSection(ExtensibilityGlobals) = postSolution
		SolutionGuid = {9167E0B8-7405-46A4-B8A2-9FFFAF6E6E2C}
	EndGlobalSection
EndGlobal
