
Microsoft Visual Studio Solution File, Format Version 12.00
# Visual Studio Version 17
VisualStudioVersion = 17.5.002.0
MinimumVisualStudioVersion = 10.0.40219.1
Project("{9A19103F-16F7-4668-BE54-9A1E7A4F7556}") = "Aula9", "Aula9.csproj", "{37A57F73-4919-4676-AE44-E96213685DE1}"
EndProject
Global
	GlobalSection(SolutionConfigurationPlatforms) = preSolution
		Debug|Any CPU = Debug|Any CPU
		Release|Any CPU = Release|Any CPU
	EndGlobalSection
	GlobalSection(ProjectConfigurationPlatforms) = postSolution
		{37A57F73-4919-4676-AE44-E96213685DE1}.Debug|Any CPU.ActiveCfg = Debug|Any CPU
		{37A57F73-4919-4676-AE44-E96213685DE1}.Debug|Any CPU.Build.0 = Debug|Any CPU
		{37A57F73-4919-4676-AE44-E96213685DE1}.Release|Any CPU.ActiveCfg = Release|Any CPU
		{37A57F73-4919-4676-AE44-E96213685DE1}.Release|Any CPU.Build.0 = Release|Any CPU
	EndGlobalSection
	GlobalSection(SolutionProperties) = preSolution
		HideSolutionNode = FALSE
	EndGlobalSection
	GlobalSection(ExtensibilityGlobals) = postSolution
		SolutionGuid = {E407BB02-8CC9-4F2F-ACCE-793A89C4E564}
	EndGlobalSection
EndGlobal
