
Microsoft Visual Studio Solution File, Format Version 12.00
# Visual Studio Version 17
VisualStudioVersion = 17.5.002.0
MinimumVisualStudioVersion = 10.0.40219.1
Project("{9A19103F-16F7-4668-BE54-9A1E7A4F7556}") = "Exercicio5", "Exercicio5.csproj", "{C278808F-29D4-4911-86F8-3A0DCEAC64FC}"
EndProject
Global
	GlobalSection(SolutionConfigurationPlatforms) = preSolution
		Debug|Any CPU = Debug|Any CPU
		Release|Any CPU = Release|Any CPU
	EndGlobalSection
	GlobalSection(ProjectConfigurationPlatforms) = postSolution
		{C278808F-29D4-4911-86F8-3A0DCEAC64FC}.Debug|Any CPU.ActiveCfg = Debug|Any CPU
		{C278808F-29D4-4911-86F8-3A0DCEAC64FC}.Debug|Any CPU.Build.0 = Debug|Any CPU
		{C278808F-29D4-4911-86F8-3A0DCEAC64FC}.Release|Any CPU.ActiveCfg = Release|Any CPU
		{C278808F-29D4-4911-86F8-3A0DCEAC64FC}.Release|Any CPU.Build.0 = Release|Any CPU
	EndGlobalSection
	GlobalSection(SolutionProperties) = preSolution
		HideSolutionNode = FALSE
	EndGlobalSection
	GlobalSection(ExtensibilityGlobals) = postSolution
		SolutionGuid = {D1FA5D74-6210-4254-B48D-63D10ADDE2C2}
	EndGlobalSection
EndGlobal
