
Microsoft Visual Studio Solution File, Format Version 12.00
# Visual Studio Version 17
VisualStudioVersion = 17.5.002.0
MinimumVisualStudioVersion = 10.0.40219.1
Project("{9A19103F-16F7-4668-BE54-9A1E7A4F7556}") = "Exercicio1", "Exercicio1.csproj", "{562D0130-78C2-492E-82DE-CC33397B252B}"
EndProject
Global
	GlobalSection(SolutionConfigurationPlatforms) = preSolution
		Debug|Any CPU = Debug|Any CPU
		Release|Any CPU = Release|Any CPU
	EndGlobalSection
	GlobalSection(ProjectConfigurationPlatforms) = postSolution
		{562D0130-78C2-492E-82DE-CC33397B252B}.Debug|Any CPU.ActiveCfg = Debug|Any CPU
		{562D0130-78C2-492E-82DE-CC33397B252B}.Debug|Any CPU.Build.0 = Debug|Any CPU
		{562D0130-78C2-492E-82DE-CC33397B252B}.Release|Any CPU.ActiveCfg = Release|Any CPU
		{562D0130-78C2-492E-82DE-CC33397B252B}.Release|Any CPU.Build.0 = Release|Any CPU
	EndGlobalSection
	GlobalSection(SolutionProperties) = preSolution
		HideSolutionNode = FALSE
	EndGlobalSection
	GlobalSection(ExtensibilityGlobals) = postSolution
		SolutionGuid = {6ED0A776-E55E-44C2-A2E0-E63E28648383}
	EndGlobalSection
EndGlobal
